{
  "version": "3",
  "redirects": {
    "https://deno.land/std/encoding/base64.ts": "https://deno.land/std@0.201.0/encoding/base64.ts",
    "https://deno.land/std/http/server.ts": "https://deno.land/std@0.193.0/http/server.ts",
    "https://deno.land/x/framework_utils/mod.ts": "https://deno.land/x/framework_utils@v1.04/mod.ts",
    "https://deno.land/x/hono/mod.ts": "https://deno.land/x/hono@v3.2.7/mod.ts"
  },
  "remote": {
    "https://deno.land/std@0.193.0/_util/asserts.ts": "178dfc49a464aee693a7e285567b3d0b555dc805ff490505a8aae34f9cfb1462",
    "https://deno.land/std@0.193.0/async/abortable.ts": "fd682fa46f3b7b16b4606a5ab52a7ce309434b76f820d3221bdfb862719a15d7",
    "https://deno.land/std@0.193.0/async/deadline.ts": "58f72a3cc0fcb731b2cc055ba046f4b5be3349ff6bf98f2e793c3b969354aab2",
    "https://deno.land/std@0.193.0/async/debounce.ts": "adab11d04ca38d699444ac8a9d9856b4155e8dda2afd07ce78276c01ea5a4332",
    "https://deno.land/std@0.193.0/async/deferred.ts": "42790112f36a75a57db4a96d33974a936deb7b04d25c6084a9fa8a49f135def8",
    "https://deno.land/std@0.193.0/async/delay.ts": "73aa04cec034c84fc748c7be49bb15cac3dd43a57174bfdb7a4aec22c248f0dd",
    "https://deno.land/std@0.193.0/async/mod.ts": "f04344fa21738e5ad6bea37a6bfffd57c617c2d372bb9f9dcfd118a1b622e576",
    "https://deno.land/std@0.193.0/async/mux_async_iterator.ts": "70c7f2ee4e9466161350473ad61cac0b9f115cff4c552eaa7ef9d50c4cbb4cc9",
    "https://deno.land/std@0.193.0/async/pool.ts": "f1b8d3df4d7fd3c73f8cbc91cc2e8b8e950910f1eab94230b443944d7584c657",
    "https://deno.land/std@0.193.0/async/retry.ts": "b1ccf653954a4e52b3d9731e57d18b864e689a7462e78fb20440b11be9905080",
    "https://deno.land/std@0.193.0/async/tee.ts": "47e42d35f622650b02234d43803d0383a89eb4387e1b83b5a40106d18ae36757",
    "https://deno.land/std@0.193.0/http/server.ts": "1b23463b5b36e4eebc495417f6af47a6f7d52e3294827a1226d2a1aab23d9d20",
    "https://deno.land/std@0.201.0/encoding/base64.ts": "144ae6234c1fbe5b68666c711dc15b1e9ee2aef6d42b3b4345bf9a6c91d70d0d",
    "https://deno.land/x/framework_utils@v1.04/DirectoryDraw/mod.ts": "ade978f2351a5339c5284b9faa85cf8c480e4c4f1ea094bedff7af415653eb6f",
    "https://deno.land/x/framework_utils@v1.04/DynamicImporter/mod.ts": "24cba758fa291299fa692b4255d98b4d039e06fe41d80726193e1c0d74e2ed1e",
    "https://deno.land/x/framework_utils@v1.04/Minifier/mod.ts": "2c5181ac31fb832f93bbef929ba3c06a23b2d85eae9b6a64cd28e15602ffd84f",
    "https://deno.land/x/framework_utils@v1.04/mod.ts": "f6c554a3cad8e01ebcc93dec88b31c1d057f7a5c806ce69f0d0fa573d72116ce",
    "https://deno.land/x/hono@v3.2.7/client/client.ts": "7a819af2aa9aabc746add4d01715fa37f83676fdf1b63fba1bbcd655b2d066a5",
    "https://deno.land/x/hono@v3.2.7/client/index.ts": "3ff4cf246f3543f827a85a2c84d66a025ac350ee927613629bda47e854bfb7ba",
    "https://deno.land/x/hono@v3.2.7/client/utils.ts": "9f9825a3f96e0e332fa91f4cd1cfffe2ef9da796c58904941c8405e3f18bda07",
    "https://deno.land/x/hono@v3.2.7/compose.ts": "e55ed7be2134f363ff3c8e8e2f520ff682c6a11a47d7189100ed69704ce10b9e",
    "https://deno.land/x/hono@v3.2.7/context.ts": "a9d2dba3528df1a804d78630f867a8aaee2ebc8b498c5c781eeb057539dedb20",
    "https://deno.land/x/hono@v3.2.7/hono-base.ts": "4427026c68632e82e2f6df361cca1e0204da96ffc31b05ed653e62ae304899d0",
    "https://deno.land/x/hono@v3.2.7/hono.ts": "c185fae30dc3aa9966b0f3e8599f81314ba5e8621b907d27cffb77414a1c0908",
    "https://deno.land/x/hono@v3.2.7/http-exception.ts": "6071df078b5f76d279684d52fe82a590f447a64ffe1b75eb5064d0c8a8d2d676",
    "https://deno.land/x/hono@v3.2.7/mod.ts": "be5c09896830494225a12488e3e086b331b9c8829f66cc529cb8636a0c15f6fe",
    "https://deno.land/x/hono@v3.2.7/request.ts": "abbfbd63516c7ee60445b85a5ae8d45a8c9b4dc1a536af5cf84ff73b742ebda4",
    "https://deno.land/x/hono@v3.2.7/router.ts": "d03e2a9e862c898e8555b451ba80c65b1f39d487230815229e1f046dbd8546cb",
    "https://deno.land/x/hono@v3.2.7/router/linear-router/index.ts": "8a2a7144c50b1f4a92d9ee99c2c396716af144c868e10608255f969695efccd0",
    "https://deno.land/x/hono@v3.2.7/router/linear-router/router.ts": "90d4afc052b72f53dafbcf97fd32f24299b985f8a35dbdc70b28048201b3dcbc",
    "https://deno.land/x/hono@v3.2.7/router/pattern-router/index.ts": "304a66c50e243872037ed41c7dd79ed0c89d815e17e172e7ad7cdc4bc07d3383",
    "https://deno.land/x/hono@v3.2.7/router/pattern-router/router.ts": "38ffe40056f3aa7ecf441711d82af2d0357aae6c2fd168f534427579e89439f4",
    "https://deno.land/x/hono@v3.2.7/router/reg-exp-router/index.ts": "52755829213941756159b7a963097bafde5cc4fc22b13b1c7c9184dc0512d1db",
    "https://deno.land/x/hono@v3.2.7/router/reg-exp-router/node.ts": "8006b5bccb83d9fc98e0562a5545f6dd0be639ce445b089a6171c9c617aa8693",
    "https://deno.land/x/hono@v3.2.7/router/reg-exp-router/router.ts": "aeddd88e16a7ec3cf088a13ee952cfcb3319f97559767253e1a600f72fc70f27",
    "https://deno.land/x/hono@v3.2.7/router/reg-exp-router/trie.ts": "567493b301c44174f0895aedb8d055bbecf88f8a25626fa8ca61333bbd0c882c",
    "https://deno.land/x/hono@v3.2.7/router/smart-router/index.ts": "74f9b4fe15ea535900f2b9b048581915f12fe94e531dd2b0032f5610e61c3bef",
    "https://deno.land/x/hono@v3.2.7/router/smart-router/router.ts": "38209165dadea4182b42807a0a6c84a9258532a07ebf87262dc2b5b09d25a2a2",
    "https://deno.land/x/hono@v3.2.7/router/trie-router/index.ts": "3eb75e7f71ba81801631b30de6b1f5cefb2c7239c03797e2b2cbab5085911b41",
    "https://deno.land/x/hono@v3.2.7/router/trie-router/node.ts": "3e27c0ff9b1d677c4ab1fbf0895e81c8e3ba277c6c2ccbc68a98185b32040c95",
    "https://deno.land/x/hono@v3.2.7/router/trie-router/router.ts": "ad0b3fdabc33abd11a9f5819734aec743602a743cfc9f90ddad73787cd5e7727",
    "https://deno.land/x/hono@v3.2.7/types.ts": "d9733cf808ae9828fb12b62ff4decc23992da8f2050294a16e4af6d90db302f3",
    "https://deno.land/x/hono@v3.2.7/utils/body.ts": "67627aaac6ea8d3d2f2ffcb0aabccfe0c854ee11eaecd36dfcc2f012005337f7",
    "https://deno.land/x/hono@v3.2.7/utils/cookie.ts": "ff2f948c27fb8867fc990b1b6b182dfbe4c263c60a94cd33aefa77af5cdb1655",
    "https://deno.land/x/hono@v3.2.7/utils/url.ts": "40a4192da0a655a124c95063e0ab3924432805fcf45a3ffc8e4458029d609bbc",
    "https://deno.land/x/hono@v3.2.7/validator/index.ts": "6c986e8b91dcf857ecc8164a506ae8eea8665792a4ff7215471df669c632ae7c",
    "https://deno.land/x/hono@v3.2.7/validator/validator.ts": "e52183ddf8cefc3cfe2788802fe6ce766df8ac904df485107b01cbcca167dbad",
    "https://deno.land/x/minifier@v1.1.1/mod.ts": "f911c7e17079a31709dd4041207a48b3c6df50961d8687029681776f98005b89",
    "https://deno.land/x/minifier@v1.1.1/wasm.js": "3226ccb35a4fcf31362cc50b5ea2e1276aaae01d116dc090f38ee8169e015ebc"
  }
}
